// !$*UTF8*$!
{
	archiveVersion = 1;
	classes = {
	};
	objectVersion = 46;
	objects = {

/* Begin PBXBuildFile section */
		550D20CC1BECF92200B6EC4A /* AppDelegate.swift in Sources */ = {isa = PBXBuildFile; fileRef = 550D20CB1BECF92200B6EC4A /* AppDelegate.swift */; };
		550D20CE1BECF92200B6EC4A /* ViewController.swift in Sources */ = {isa = PBXBuildFile; fileRef = 550D20CD1BECF92200B6EC4A /* ViewController.swift */; };
		550D20D11BECF92200B6EC4A /* Main.storyboard in Resources */ = {isa = PBXBuildFile; fileRef = 550D20CF1BECF92200B6EC4A /* Main.storyboard */; };
		550D20D31BECF92200B6EC4A /* Assets.xcassets in Resources */ = {isa = PBXBuildFile; fileRef = 550D20D21BECF92200B6EC4A /* Assets.xcassets */; };
		550D20D61BECF92200B6EC4A /* LaunchScreen.storyboard in Resources */ = {isa = PBXBuildFile; fileRef = 550D20D41BECF92200B6EC4A /* LaunchScreen.storyboard */; };
		550D20DE1BECF96500B6EC4A /* colorPickerViewController.swift in Sources */ = {isa = PBXBuildFile; fileRef = 550D20DD1BECF96500B6EC4A /* colorPickerViewController.swift */; };
/* End PBXBuildFile section */

/* Begin PBXFileReference section */
		550D20C81BECF92100B6EC4A /* colorPicerView.app */ = {isa = PBXFileReference; explicitFileType = wrapper.application; includeInIndex = 0; path = colorPicerView.app; sourceTree = BUILT_PRODUCTS_DIR; };
		550D20CB1BECF92200B6EC4A /* AppDelegate.swift */ = {isa = PBXFileReference; lastKnownFileType = sourcecode.swift; path = AppDelegate.swift; sourceTree = "<group>"; };
		550D20CD1BECF92200B6EC4A /* ViewController.swift */ = {isa = PBXFileReference; lastKnownFileType = sourcecode.swift; path = ViewController.swift; sourceTree = "<group>"; };
		550D20D01BECF92200B6EC4A /* Base */ = {isa = PBXFileReference; lastKnownFileType = file.storyboard; name = Base; path = Base.lproj/Main.storyboard; sourceTree = "<group>"; };
		550D20D21BECF92200B6EC4A /* Assets.xcassets */ = {isa = PBXFileReference; lastKnownFileType = folder.assetcatalog; path = Assets.xcassets; sourceTree = "<group>"; };
		550D20D51BECF92200B6EC4A /* Base */ = {isa = PBXFileReference; lastKnownFileType = file.storyboard; name = Base; path = Base.lproj/LaunchScreen.storyboard; sourceTree = "<group>"; };
		550D20D71BECF92200B6EC4A /* Info.plist */ = {isa = PBXFileReference; lastKnownFileType = text.plist.xml; path = Info.plist; sourceTree = "<group>"; };
		550D20DD1BECF96500B6EC4A /* colorPickerViewController.swift */ = {isa = PBXFileReference; fileEncoding = 4; lastKnownFileType = sourcecode.swift; path = colorPickerViewController.swift; sourceTree = "<group>"; };
/* End PBXFileReference section */

/* Begin PBXFrameworksBuildPhase section */
		550D20C51BECF92100B6EC4A /* Frameworks */ = {
			isa = PBXFrameworksBuildPhase;
			buildActionMask = 2147483647;
			files = (
			);
			runOnlyForDeploymentPostprocessing = 0;
		};
/* End PBXFrameworksBuildPhase section */

/* Begin PBXGroup section */
		550D20BF1BECF92100B6EC4A = {
			isa = PBXGroup;
			children = (
				550D20CA1BECF92200B6EC4A /* colorPicerView */,
				550D20C91BECF92100B6EC4A /* Products */,
			);
			sourceTree = "<group>";
		};
		550D20C91BECF92100B6EC4A /* Products */ = {
			isa = PBXGroup;
			children = (
				550D20C81BECF92100B6EC4A /* colorPicerView.app */,
			);
			name = Products;
			sourceTree = "<group>";
		};
		550D20CA1BECF92200B6EC4A /* colorPicerView */ = {
			isa = PBXGroup;
			children = (
				550D20CB1BECF92200B6EC4A /* AppDelegate.swift */,
				550D20CD1BECF92200B6EC4A /* ViewController.swift */,
				550D20DD1BECF96500B6EC4A /* colorPickerViewController.swift */,
				550D20CF1BECF92200B6EC4A /* Main.storyboard */,
				550D20D21BECF92200B6EC4A /* Assets.xcassets */,
				550D20D41BECF92200B6EC4A /* LaunchScreen.storyboard */,
				550D20D71BECF92200B6EC4A /* Info.plist */,
			);
			path = colorPicerView;
			sourceTree = "<group>";
		};
/* End PBXGroup section */

/* Begin PBXNativeTarget section */
		550D20C71BECF92100B6EC4A /* colorPicerView */ = {
			isa = PBXNativeTarget;
			buildConfigurationList = 550D20DA1BECF92200B6EC4A /* Build configuration list for PBXNativeTarget "colorPicerView" */;
			buildPhases = (
				550D20C41BECF92100B6EC4A /* Sources */,
				550D20C51BECF92100B6EC4A /* Frameworks */,
				550D20C61BECF92100B6EC4A /* Resources */,
			);
			buildRules = (
			);
			dependencies = (
			);
			name = colorPicerView;
			productName = colorPicerView;
			productReference = 550D20C81BECF92100B6EC4A /* colorPicerView.app */;
			productType = "com.apple.product-type.application";
		};
/* End PBXNativeTarget section */

/* Begin PBXProject section */
		550D20C01BECF92100B6EC4A /* Project object */ = {
			isa = PBXProject;
			attributes = {
				LastSwiftUpdateCheck = 0710;
				LastUpgradeCheck = 0710;
				ORGANIZATIONNAME = "Tomoki Yamaguchi";
				TargetAttributes = {
					550D20C71BECF92100B6EC4A = {
						CreatedOnToolsVersion = 7.1;
					};
				};
			};
			buildConfigurationList = 550D20C31BECF92100B6EC4A /* Build configuration list for PBXProject "colorPicerView" */;
			compatibilityVersion = "Xcode 3.2";
			developmentRegion = English;
			hasScannedForEncodings = 0;
			knownRegions = (
				en,
				Base,
			);
			mainGroup = 550D20BF1BECF92100B6EC4A;
			productRefGroup = 550D20C91BECF92100B6EC4A /* Products */;
			projectDirPath = "";
			projectRoot = "";
			targets = (
				550D20C71BECF92100B6EC4A /* colorPicerView */,
			);
		};
/* End PBXProject section */

/* Begin PBXResourcesBuildPhase section */
		550D20C61BECF92100B6EC4A /* Resources */ = {
			isa = PBXResourcesBuildPhase;
			buildActionMask = 2147483647;
			files = (
				550D20D61BECF92200B6EC4A /* LaunchScreen.storyboard in Resources */,
				550D20D31BECF92200B6EC4A /* Assets.xcassets in Resources */,
				550D20D11BECF92200B6EC4A /* Main.storyboard in Resources */,
			);
			runOnlyForDeploymentPostprocessing = 0;
		};
/* End PBXResourcesBuildPhase section */

/* Begin PBXSourcesBuildPhase section */
		550D20C41BECF92100B6EC4A /* Sources */ = {
			isa = PBXSourcesBuildPhase;
			buildActionMask = 2147483647;
			files = (
				550D20CE1BECF92200B6EC4A /* ViewController.swift in Sources */,
				550D20CC1BECF92200B6EC4A /* AppDelegate.swift in Sources */,
				550D20DE1BECF96500B6EC4A /* colorPickerViewController.swift in Sources */,
			);
			runOnlyForDeploymentPostprocessing = 0;
		};
/* End PBXSourcesBuildPhase section */

/* Begin PBXVariantGroup section */
		550D20CF1BECF92200B6EC4A /* Main.storyboard */ = {
			isa = PBXVariantGroup;
			children = (
				550D20D01BECF92200B6EC4A /* Base */,
			);
			name = Main.storyboard;
			sourceTree = "<group>";
		};
		550D20D41BECF92200B6EC4A /* LaunchScreen.storyboard */ = {
			isa = PBXVariantGroup;
			children = (
				550D20D51BECF92200B6EC4A /* Base */,
			);
			name = LaunchScreen.storyboard;
			sourceTree = "<group>";
		};
/* End PBXVariantGroup section */

/* Begin XCBuildConfiguration section */
		550D20D81BECF92200B6EC4A /* Debug */ = {
			isa = XCBuildConfiguration;
			buildSettings = {
				ALWAYS_SEARCH_USER_PATHS = NO;
				CLANG_CXX_LANGUAGE_STANDARD = "gnu++0x";
				CLANG_CXX_LIBRARY = "libc++";
				CLANG_ENABLE_MODULES = YES;
				CLANG_ENABLE_OBJC_ARC = YES;
				CLANG_WARN_BOOL_CONVERSION = YES;
				CLANG_WARN_CONSTANT_CONVERSION = YES;
				CLANG_WARN_DIRECT_OBJC_ISA_USAGE = YES_ERROR;
				CLANG_WARN_EMPTY_BODY = YES;
				CLANG_WARN_ENUM_CONVERSION = YES;
				CLANG_WARN_INT_CONVERSION = YES;
				CLANG_WARN_OBJC_ROOT_CLASS = YES_ERROR;
				CLANG_WARN_UNREACHABLE_CODE = YES;
				CLANG_WARN__DUPLICATE_METHOD_MATCH = YES;
				"CODE_SIGN_IDENTITY[sdk=iphoneos*]" = "iPhone Developer";
				COPY_PHASE_STRIP = NO;
				DEBUG_INFORMATION_FORMAT = dwarf;
				ENABLE_STRICT_OBJC_MSGSEND = YES;
				ENABLE_TESTABILITY = YES;
				GCC_C_LANGUAGE_STANDARD = gnu99;
				GCC_DYNAMIC_NO_PIC = NO;
				GCC_NO_COMMON_BLOCKS = YES;
				GCC_OPTIMIZATION_LEVEL = 0;
				GCC_PREPROCESSOR_DEFINITIONS = (
					"DEBUG=1",
					"$(inherited)",
				);
				GCC_WARN_64_TO_32_BIT_CONVERSION = YES;
				GCC_WARN_ABOUT_RETURN_TYPE = YES_ERROR;
				GCC_WARN_UNDECLARED_SELECTOR = YES;
				GCC_WARN_UNINITIALIZED_AUTOS = YES_AGGRESSIVE;
				GCC_WARN_UNUSED_FUNCTION = YES;
				GCC_WARN_UNUSED_VARIABLE = YES;
				IPHONEOS_DEPLOYMENT_TARGET = 9.1;
				MTL_ENABLE_DEBUG_INFO = YES;
				ONLY_ACTIVE_ARCH = YES;
				SDKROOT = iphoneos;
				SWIFT_OPTIMIZATION_LEVEL = "-Onone";
				TARGETED_DEVICE_FAMILY = "1,2";
			};
			name = Debug;
		};
		550D20D91BECF92200B6EC4A /* Release */ = {
			isa = XCBuildConfiguration;
			buildSettings = {
				ALWAYS_SEARCH_USER_PATHS = NO;
				CLANG_CXX_LANGUAGE_STANDARD = "gnu++0x";
				CLANG_CXX_LIBRARY = "libc++";
				CLANG_ENABLE_MODULES = YES;
				CLANG_ENABLE_OBJC_ARC = YES;
				CLANG_WARN_BOOL_CONVERSION = YES;
				CLANG_WARN_CONSTANT_CONVERSION = YES;
				CLANG_WARN_DIRECT_OBJC_ISA_USAGE = YES_ERROR;
				CLANG_WARN_EMPTY_BODY = YES;
				CLANG_WARN_ENUM_CONVERSION = YES;
				CLANG_WARN_INT_CONVERSION = YES;
				CLANG_WARN_OBJC_ROOT_CLASS = YES_ERROR;
				CLANG_WARN_UNREACHABLE_CODE = YES;
				CLANG_WARN__DUPLICATE_METHOD_MATCH = YES;
				"CODE_SIGN_IDENTITY[sdk=iphoneos*]" = "iPhone Developer";
				COPY_PHASE_STRIP = NO;
				DEBUG_INFORMATION_FORMAT = "dwarf-with-dsym";
				ENABLE_NS_ASSERTIONS = NO;
				ENABLE_STRICT_OBJC_MSGSEND = YES;
				GCC_C_LANGUAGE_STANDARD = gnu99;
				GCC_NO_COMMON_BLOCKS = YES;
				GCC_WARN_64_TO_32_BIT_CONVERSION = YES;
				GCC_WARN_ABOUT_RETURN_TYPE = YES_ERROR;
				GCC_WARN_UNDECLARED_SELECTOR = YES;
				GCC_WARN_UNINITIALIZED_AUTOS = YES_AGGRESSIVE;
				GCC_WARN_UNUSED_FUNCTION = YES;
				GCC_WARN_UNUSED_VARIABLE = YES;
				IPHONEOS_DEPLOYMENT_TARGET = 9.1;
				MTL_ENABLE_DEBUG_INFO = NO;
				SDKROOT = iphoneos;
				TARGETED_DEVICE_FAMILY = "1,2";
				VALIDATE_PRODUCT = YES;
			};
			name = Release;
		};
		550D20DB1BECF92200B6EC4A /* Debug */ = {
			isa = XCBuildConfiguration;
			buildSettings = {
				ASSETCATALOG_COMPILER_APPICON_NAME = AppIcon;
				INFOPLIST_FILE = colorPicerView/Info.plist;
				LD_RUNPATH_SEARCH_PATHS = "$(inherited) @executable_path/Frameworks";
				PRODUCT_BUNDLE_IDENTIFIER = net.ha1f.colorPicerView;
				PRODUCT_NAME = "$(TARGET_NAME)";
			};
			name = Debug;
		};
		550D20DC1BECF92200B6EC4A /* Release */ = {
			isa = XCBuildConfiguration;
			buildSettings = {
				ASSETCATALOG_COMPILER_APPICON_NAME = AppIcon;
				INFOPLIST_FILE = colorPicerView/Info.plist;
				LD_RUNPATH_SEARCH_PATHS = "$(inherited) @executable_path/Frameworks";
				PRODUCT_BUNDLE_IDENTIFIER = net.ha1f.colorPicerView;
				PRODUCT_NAME = "$(TARGET_NAME)";
			};
			name = Release;
		};
/* End XCBuildConfiguration section */

/* Begin XCConfigurationList section */
		550D20C31BECF92100B6EC4A /* Build configuration list for PBXProject "colorPicerView" */ = {
			isa = XCConfigurationList;
			buildConfigurations = (
				550D20D81BECF92200B6EC4A /* Debug */,
				550D20D91BECF92200B6EC4A /* Release */,
			);
			defaultConfigurationIsVisible = 0;
			defaultConfigurationName = Release;
		};
		550D20DA1BECF92200B6EC4A /* Build configuration list for PBXNativeTarget "colorPicerView" */ = {
			isa = XCConfigurationList;
			buildConfigurations = (
				550D20DB1BECF92200B6EC4A /* Debug */,
				550D20DC1BECF92200B6EC4A /* Release */,
			);
			defaultConfigurationIsVisible = 0;
		};
/* End XCConfigurationList section */
	};
	rootObject = 550D20C01BECF92100B6EC4A /* Project object */;
}
